
Microsoft Visual Studio Solution File, Format Version 12.00
# Visual Studio Version 17
VisualStudioVersion = 17.11.35208.52
MinimumVisualStudioVersion = 10.0.40219.1
Project("{9A19103F-16F7-4668-BE54-9A1E7A4F7556}") = "brightlight", "brightlight.csproj", "{BBCEF2E2-8DC8-456C-B225-C65F7031A718}"
EndProject
Global
	GlobalSection(SolutionConfigurationPlatforms) = preSolution
		Debug|Any CPU = Debug|Any CPU
		Release|Any CPU = Release|Any CPU
	EndGlobalSection
	GlobalSection(ProjectConfigurationPlatforms) = postSolution
		{BBCEF2E2-8DC8-456C-B225-C65F7031A718}.Debug|Any CPU.ActiveCfg = Debug|Any CPU
		{BBCEF2E2-8DC8-456C-B225-C65F7031A718}.Debug|Any CPU.Build.0 = Debug|Any CPU
		{BBCEF2E2-8DC8-456C-B225-C65F7031A718}.Release|Any CPU.ActiveCfg = Release|Any CPU
		{BBCEF2E2-8DC8-456C-B225-C65F7031A718}.Release|Any CPU.Build.0 = Release|Any CPU
	EndGlobalSection
	GlobalSection(SolutionProperties) = preSolution
		HideSolutionNode = FALSE
	EndGlobalSection
	GlobalSection(ExtensibilityGlobals) = postSolution
		SolutionGuid = {B9EC8122-F4C3-4EDB-A7DA-90035DCC4BC4}
	EndGlobalSection
EndGlobal
